
Microsoft Visual Studio Solution File, Format Version 12.00
# Visual Studio Version 18
VisualStudioVersion = 18.0.11010.61
MinimumVisualStudioVersion = 10.0.40219.1
Project("{2150E333-8FDC-42A3-9474-1A3956D46DE8}") = "1-Presentation", "1-Presentation", "{1A1E0CD3-B72D-47B6-A68D-7590B98EB39B}"
EndProject
Project("{2150E333-8FDC-42A3-9474-1A3956D46DE8}") = "2-Application", "2-Application", "{2A1E0CD3-B72D-47B6-A68D-7590B98EB39B}"
EndProject
Project("{2150E333-8FDC-42A3-9474-1A3956D46DE8}") = "3-Domain", "3-Domain", "{3A1E0CD3-B72D-47B6-A68D-7590B98EB39B}"
EndProject
Project("{2150E333-8FDC-42A3-9474-1A3956D46DE8}") = "4-Persistence", "4-Persistence", "{4A1E0CD3-B72D-47B6-A68D-7590B98EB39B}"
EndProject
Project("{2150E333-8FDC-42A3-9474-1A3956D46DE8}") = "5-Test", "5-Test", "{5A1E0CD3-B72D-47B6-A68D-7590B98EB39B}"
EndProject
Project("{2150E333-8FDC-42A3-9474-1A3956D46DE8}") = "6-Docs", "6-Docs", "{6A1E0CD3-B72D-47B6-A68D-7590B98EB39B}"
	ProjectSection(SolutionItems) = preProject
		6-Docs\azure-ai-foundry-setup.md = 6-Docs\azure-ai-foundry-setup.md
		6-Docs\azure-naming-standards.md = 6-Docs\azure-naming-standards.md
		6-Docs\deployment.md = 6-Docs\deployment.md
	EndProjectSection
EndProject
Project("{2150E333-8FDC-42A3-9474-1A3956D46DE8}") = "7-Deployment", "7-Deployment", "{7A1E0CD3-B72D-47B6-A68D-7590B98EB39B}"
EndProject
Project("{FAE04EC0-301F-11D3-BF4B-00C04F79EFBC}") = "MotorcycleRAG.API", "1-Presentation\MotorcycleRAG.API\MotorcycleRAG.API.csproj", "{D187CBE0-28C5-4079-B5FF-3DA393F20F6E}"
EndProject
Project("{FAE04EC0-301F-11D3-BF4B-00C04F79EFBC}") = "MotorcycleRAG.Application", "2-Application\MotorcycleRAG.Application\MotorcycleRAG.Application.csproj", "{532D0EA2-43FC-4217-9260-11FBB39FF4DE}"
EndProject
Project("{FAE04EC0-301F-11D3-BF4B-00C04F79EFBC}") = "MotorcycleRAG.Domain", "3-Domain\MotorcycleRAG.Domain\MotorcycleRAG.Domain.csproj", "{632D0EA2-43FC-4217-9260-11FBB39FF4DE}"
EndProject
Project("{FAE04EC0-301F-11D3-BF4B-00C04F79EFBC}") = "MotorcycleRAG.Persistence", "4-Persistence\MotorcycleRAG.Persistence\MotorcycleRAG.Persistence.csproj", "{FC76171F-4861-401E-B0B5-2C4452552D2F}"
EndProject
Project("{FAE04EC0-301F-11D3-BF4B-00C04F79EFBC}") = "MotorcycleRAG.UnitTests", "5-Test\tests\MotorcycleRAG.UnitTests\MotorcycleRAG.UnitTests.csproj", "{08342240-6BCF-40F5-942D-370131FFC28F}"
EndProject
Project("{FAE04EC0-301F-11D3-BF4B-00C04F79EFBC}") = "MotorcycleRAG.IntegrationTests", "5-Test\tests\MotorcycleRAG.IntegrationTests\MotorcycleRAG.IntegrationTests.csproj", "{18342240-6BCF-40F5-942D-370131FFC28F}"
EndProject
Project("{FAE04EC0-301F-11D3-BF4B-00C04F79EFBC}") = "Infrastructure", "7-Deployment\infrastructure\Infrastructure.csproj", "{1E08AF83-8AF6-8223-9508-84ED9553D15D}"
EndProject
Project("{FAE04EC0-301F-11D3-BF4B-00C04F79EFBC}") = "MotorcycleRAG.AgentProvisioning", "7-Deployment\AgentProvisioning\MotorcycleRAG.AgentProvisioning.csproj", "{B2A7C9E1-3F4D-48A2-9F1C-7D8E5A0B2C3E}"
EndProject
Project("{FAE04EC0-301F-11D3-BF4B-00C04F79EFBC}") = "MotorcycleRAG.Contracts", "3-Domain\MotorcycleRAG.Contracts\MotorcycleRAG.Contracts.csproj", "{A7F2F6BF-DC72-8398-1FA2-959818E8F235}"
EndProject
Project("{FAE04EC0-301F-11D3-BF4B-00C04F79EFBC}") = "MotorcycleRag.WebUI.BFF", "1-Presentation\MotorcycleRag.WebUI.BFF\MotorcycleRag.WebUI.BFF.csproj", "{D771D6AD-2D55-4E1A-B606-24EDA77B1479}"
EndProject
Project("{2150E333-8FDC-42A3-9474-1A3956D46DE8}") = "0-Base", "0-Base", "{9ABBC923-FAC0-266A-DE84-ACB5A4383ABA}"
EndProject
Project("{FAE04EC0-301F-11D3-BF4B-00C04F79EFBC}") = "MotorcycleRAG.Core", "0-Base\MotorcycleRAG.Core\MotorcycleRAG.Core.csproj", "{4437D199-D585-4F82-A5C8-D5C670EC1814}"
EndProject
Project("{FAE04EC0-301F-11D3-BF4B-00C04F79EFBC}") = "MotorcycleRAG.Admin", "1-Presentation\MotorcycleRAG.Admin\MotorcycleRAG.Admin.csproj", "{64336414-1838-4D4D-9933-C5154DBF0BF5}"
EndProject
Project("{FAE04EC0-301F-11D3-BF4B-00C04F79EFBC}") = "MotorcycleRAG.Contracts.Models", "3-Domain\MotorcycleRAG.Contracts.Models\MotorcycleRAG.Contracts.Models.csproj", "{2F17203A-2B7A-45FA-A3D3-C4259EB2C981}"
EndProject
Project("{FAE04EC0-301F-11D3-BF4B-00C04F79EFBC}") = "MotorcycleRAG.EndToEndTests", "5-Test\tests\MotorcycleRAG.EndToEndTests\MotorcycleRAG.EndToEndTests.csproj", "{E17041A3-BAE9-4CDB-8339-4C0369750C88}"
EndProject
Project("{FAE04EC0-301F-11D3-BF4B-00C04F79EFBC}") = "MotorcycleRAG.MobileApp.Tests", "5-Test\MotorcycleRAG.MobileApp.Tests\MotorcycleRAG.MobileApp.Tests.csproj", "{877572C9-6D5E-4A33-B103-0231305722B2}"
EndProject
Project("{FAE04EC0-301F-11D3-BF4B-00C04F79EFBC}") = "MotorcycleRAG.MobileApp", "1-Presentation\MotorcycleRAG.MobileApp\MotorcycleRAG.MobileApp.csproj", "{E2B3DC4F-AB11-44E5-8EED-52154AEAEA51}"
EndProject
Project("{FAE04EC0-301F-11D3-BF4B-00C04F79EFBC}") = "MotorcycleRAG.Admin.Tests", "5-Test\MotorcycleRAG.Admin.Tests\MotorcycleRAG.Admin.Tests.csproj", "{93C70DE7-1103-43B5-9322-606A5EEE0CDE}"
EndProject
Project("{FAE04EC0-301F-11D3-BF4B-00C04F79EFBC}") = "MotorcycleRag.WebUI.BFF.Tests", "5-Test\MotorcycleRag.WebUI.BFF.Tests\MotorcycleRag.WebUI.BFF.Tests.csproj", "{B5BB608A-DAE4-4C2D-BD61-5837CE81BFE4}"
EndProject
Global
	GlobalSection(SolutionConfigurationPlatforms) = preSolution
		Debug|Any CPU = Debug|Any CPU
		Debug|x64 = Debug|x64
		Debug|x86 = Debug|x86
		Release|Any CPU = Release|Any CPU
		Release|x64 = Release|x64
		Release|x86 = Release|x86
	EndGlobalSection
	GlobalSection(ProjectConfigurationPlatforms) = postSolution
		{D187CBE0-28C5-4079-B5FF-3DA393F20F6E}.Debug|Any CPU.ActiveCfg = Debug|Any CPU
		{D187CBE0-28C5-4079-B5FF-3DA393F20F6E}.Debug|Any CPU.Build.0 = Debug|Any CPU
		{D187CBE0-28C5-4079-B5FF-3DA393F20F6E}.Debug|x64.ActiveCfg = Debug|Any CPU
		{D187CBE0-28C5-4079-B5FF-3DA393F20F6E}.Debug|x64.Build.0 = Debug|Any CPU
		{D187CBE0-28C5-4079-B5FF-3DA393F20F6E}.Debug|x86.ActiveCfg = Debug|Any CPU
		{D187CBE0-28C5-4079-B5FF-3DA393F20F6E}.Debug|x86.Build.0 = Debug|Any CPU
		{D187CBE0-28C5-4079-B5FF-3DA393F20F6E}.Release|Any CPU.ActiveCfg = Release|Any CPU
		{D187CBE0-28C5-4079-B5FF-3DA393F20F6E}.Release|Any CPU.Build.0 = Release|Any CPU
		{D187CBE0-28C5-4079-B5FF-3DA393F20F6E}.Release|x64.ActiveCfg = Release|Any CPU
		{D187CBE0-28C5-4079-B5FF-3DA393F20F6E}.Release|x64.Build.0 = Release|Any CPU
		{D187CBE0-28C5-4079-B5FF-3DA393F20F6E}.Release|x86.ActiveCfg = Release|Any CPU
		{D187CBE0-28C5-4079-B5FF-3DA393F20F6E}.Release|x86.Build.0 = Release|Any CPU
		{532D0EA2-43FC-4217-9260-11FBB39FF4DE}.Debug|Any CPU.ActiveCfg = Debug|Any CPU
		{532D0EA2-43FC-4217-9260-11FBB39FF4DE}.Debug|Any CPU.Build.0 = Debug|Any CPU
		{532D0EA2-43FC-4217-9260-11FBB39FF4DE}.Debug|x64.ActiveCfg = Debug|Any CPU
		{532D0EA2-43FC-4217-9260-11FBB39FF4DE}.Debug|x64.Build.0 = Debug|Any CPU
		{532D0EA2-43FC-4217-9260-11FBB39FF4DE}.Debug|x86.ActiveCfg = Debug|Any CPU
		{532D0EA2-43FC-4217-9260-11FBB39FF4DE}.Debug|x86.Build.0 = Debug|Any CPU
		{532D0EA2-43FC-4217-9260-11FBB39FF4DE}.Release|Any CPU.ActiveCfg = Release|Any CPU
		{532D0EA2-43FC-4217-9260-11FBB39FF4DE}.Release|Any CPU.Build.0 = Release|Any CPU
		{532D0EA2-43FC-4217-9260-11FBB39FF4DE}.Release|x64.ActiveCfg = Release|Any CPU
		{532D0EA2-43FC-4217-9260-11FBB39FF4DE}.Release|x64.Build.0 = Release|Any CPU
		{532D0EA2-43FC-4217-9260-11FBB39FF4DE}.Release|x86.ActiveCfg = Release|Any CPU
		{532D0EA2-43FC-4217-9260-11FBB39FF4DE}.Release|x86.Build.0 = Release|Any CPU
		{632D0EA2-43FC-4217-9260-11FBB39FF4DE}.Debug|Any CPU.ActiveCfg = Debug|Any CPU
		{632D0EA2-43FC-4217-9260-11FBB39FF4DE}.Debug|Any CPU.Build.0 = Debug|Any CPU
		{632D0EA2-43FC-4217-9260-11FBB39FF4DE}.Debug|x64.ActiveCfg = Debug|Any CPU
		{632D0EA2-43FC-4217-9260-11FBB39FF4DE}.Debug|x64.Build.0 = Debug|Any CPU
		{632D0EA2-43FC-4217-9260-11FBB39FF4DE}.Debug|x86.ActiveCfg = Debug|Any CPU
		{632D0EA2-43FC-4217-9260-11FBB39FF4DE}.Debug|x86.Build.0 = Debug|Any CPU
		{632D0EA2-43FC-4217-9260-11FBB39FF4DE}.Release|Any CPU.ActiveCfg = Release|Any CPU
		{632D0EA2-43FC-4217-9260-11FBB39FF4DE}.Release|Any CPU.Build.0 = Release|Any CPU
		{632D0EA2-43FC-4217-9260-11FBB39FF4DE}.Release|x64.ActiveCfg = Release|Any CPU
		{632D0EA2-43FC-4217-9260-11FBB39FF4DE}.Release|x64.Build.0 = Release|Any CPU
		{632D0EA2-43FC-4217-9260-11FBB39FF4DE}.Release|x86.ActiveCfg = Release|Any CPU
		{632D0EA2-43FC-4217-9260-11FBB39FF4DE}.Release|x86.Build.0 = Release|Any CPU
		{FC76171F-4861-401E-B0B5-2C4452552D2F}.Debug|Any CPU.ActiveCfg = Debug|Any CPU
		{FC76171F-4861-401E-B0B5-2C4452552D2F}.Debug|Any CPU.Build.0 = Debug|Any CPU
		{FC76171F-4861-401E-B0B5-2C4452552D2F}.Debug|x64.ActiveCfg = Debug|Any CPU
		{FC76171F-4861-401E-B0B5-2C4452552D2F}.Debug|x64.Build.0 = Debug|Any CPU
		{FC76171F-4861-401E-B0B5-2C4452552D2F}.Debug|x86.ActiveCfg = Debug|Any CPU
		{FC76171F-4861-401E-B0B5-2C4452552D2F}.Debug|x86.Build.0 = Debug|Any CPU
		{FC76171F-4861-401E-B0B5-2C4452552D2F}.Release|Any CPU.ActiveCfg = Release|Any CPU
		{FC76171F-4861-401E-B0B5-2C4452552D2F}.Release|Any CPU.Build.0 = Release|Any CPU
		{FC76171F-4861-401E-B0B5-2C4452552D2F}.Release|x64.ActiveCfg = Release|Any CPU
		{FC76171F-4861-401E-B0B5-2C4452552D2F}.Release|x64.Build.0 = Release|Any CPU
		{FC76171F-4861-401E-B0B5-2C4452552D2F}.Release|x86.ActiveCfg = Release|Any CPU
		{FC76171F-4861-401E-B0B5-2C4452552D2F}.Release|x86.Build.0 = Release|Any CPU
		{08342240-6BCF-40F5-942D-370131FFC28F}.Debug|Any CPU.ActiveCfg = Debug|Any CPU
		{08342240-6BCF-40F5-942D-370131FFC28F}.Debug|Any CPU.Build.0 = Debug|Any CPU
		{08342240-6BCF-40F5-942D-370131FFC28F}.Debug|x64.ActiveCfg = Debug|Any CPU
		{08342240-6BCF-40F5-942D-370131FFC28F}.Debug|x64.Build.0 = Debug|Any CPU
		{08342240-6BCF-40F5-942D-370131FFC28F}.Debug|x86.ActiveCfg = Debug|Any CPU
		{08342240-6BCF-40F5-942D-370131FFC28F}.Debug|x86.Build.0 = Debug|Any CPU
		{08342240-6BCF-40F5-942D-370131FFC28F}.Release|Any CPU.ActiveCfg = Release|Any CPU
		{08342240-6BCF-40F5-942D-370131FFC28F}.Release|Any CPU.Build.0 = Release|Any CPU
		{08342240-6BCF-40F5-942D-370131FFC28F}.Release|x64.ActiveCfg = Release|Any CPU
		{08342240-6BCF-40F5-942D-370131FFC28F}.Release|x64.Build.0 = Release|Any CPU
		{08342240-6BCF-40F5-942D-370131FFC28F}.Release|x86.ActiveCfg = Release|Any CPU
		{08342240-6BCF-40F5-942D-370131FFC28F}.Release|x86.Build.0 = Release|Any CPU
		{18342240-6BCF-40F5-942D-370131FFC28F}.Debug|Any CPU.ActiveCfg = Debug|Any CPU
		{18342240-6BCF-40F5-942D-370131FFC28F}.Debug|Any CPU.Build.0 = Debug|Any CPU
		{18342240-6BCF-40F5-942D-370131FFC28F}.Debug|x64.ActiveCfg = Debug|Any CPU
		{18342240-6BCF-40F5-942D-370131FFC28F}.Debug|x64.Build.0 = Debug|Any CPU
		{18342240-6BCF-40F5-942D-370131FFC28F}.Debug|x86.ActiveCfg = Debug|Any CPU
		{18342240-6BCF-40F5-942D-370131FFC28F}.Debug|x86.Build.0 = Debug|Any CPU
		{18342240-6BCF-40F5-942D-370131FFC28F}.Release|Any CPU.ActiveCfg = Release|Any CPU
		{18342240-6BCF-40F5-942D-370131FFC28F}.Release|Any CPU.Build.0 = Release|Any CPU
		{18342240-6BCF-40F5-942D-370131FFC28F}.Release|x64.ActiveCfg = Release|Any CPU
		{18342240-6BCF-40F5-942D-370131FFC28F}.Release|x64.Build.0 = Release|Any CPU
		{18342240-6BCF-40F5-942D-370131FFC28F}.Release|x86.ActiveCfg = Release|Any CPU
		{18342240-6BCF-40F5-942D-370131FFC28F}.Release|x86.Build.0 = Release|Any CPU
		{1E08AF83-8AF6-8223-9508-84ED9553D15D}.Debug|Any CPU.ActiveCfg = Debug|Any CPU
		{1E08AF83-8AF6-8223-9508-84ED9553D15D}.Debug|Any CPU.Build.0 = Debug|Any CPU
		{1E08AF83-8AF6-8223-9508-84ED9553D15D}.Debug|x64.ActiveCfg = Debug|Any CPU
		{1E08AF83-8AF6-8223-9508-84ED9553D15D}.Debug|x64.Build.0 = Debug|Any CPU
		{1E08AF83-8AF6-8223-9508-84ED9553D15D}.Debug|x86.ActiveCfg = Debug|Any CPU
		{1E08AF83-8AF6-8223-9508-84ED9553D15D}.Debug|x86.Build.0 = Debug|Any CPU
		{1E08AF83-8AF6-8223-9508-84ED9553D15D}.Release|Any CPU.ActiveCfg = Release|Any CPU
		{1E08AF83-8AF6-8223-9508-84ED9553D15D}.Release|Any CPU.Build.0 = Release|Any CPU
		{1E08AF83-8AF6-8223-9508-84ED9553D15D}.Release|x64.ActiveCfg = Release|Any CPU
		{1E08AF83-8AF6-8223-9508-84ED9553D15D}.Release|x64.Build.0 = Release|Any CPU
		{1E08AF83-8AF6-8223-9508-84ED9553D15D}.Release|x86.ActiveCfg = Release|Any CPU
		{1E08AF83-8AF6-8223-9508-84ED9553D15D}.Release|x86.Build.0 = Release|Any CPU
		{A7F2F6BF-DC72-8398-1FA2-959818E8F235}.Debug|Any CPU.ActiveCfg = Debug|Any CPU
		{A7F2F6BF-DC72-8398-1FA2-959818E8F235}.Debug|Any CPU.Build.0 = Debug|Any CPU
		{A7F2F6BF-DC72-8398-1FA2-959818E8F235}.Debug|x64.ActiveCfg = Debug|Any CPU
		{A7F2F6BF-DC72-8398-1FA2-959818E8F235}.Debug|x64.Build.0 = Debug|Any CPU
		{A7F2F6BF-DC72-8398-1FA2-959818E8F235}.Debug|x86.ActiveCfg = Debug|Any CPU
		{A7F2F6BF-DC72-8398-1FA2-959818E8F235}.Debug|x86.Build.0 = Debug|Any CPU
		{A7F2F6BF-DC72-8398-1FA2-959818E8F235}.Release|Any CPU.ActiveCfg = Release|Any CPU
		{A7F2F6BF-DC72-8398-1FA2-959818E8F235}.Release|Any CPU.Build.0 = Release|Any CPU
		{A7F2F6BF-DC72-8398-1FA2-959818E8F235}.Release|x64.ActiveCfg = Release|Any CPU
		{A7F2F6BF-DC72-8398-1FA2-959818E8F235}.Release|x64.Build.0 = Release|Any CPU
		{A7F2F6BF-DC72-8398-1FA2-959818E8F235}.Release|x86.ActiveCfg = Release|Any CPU
		{A7F2F6BF-DC72-8398-1FA2-959818E8F235}.Release|x86.Build.0 = Release|Any CPU
		{D771D6AD-2D55-4E1A-B606-24EDA77B1479}.Debug|Any CPU.ActiveCfg = Debug|Any CPU
		{D771D6AD-2D55-4E1A-B606-24EDA77B1479}.Debug|Any CPU.Build.0 = Debug|Any CPU
		{D771D6AD-2D55-4E1A-B606-24EDA77B1479}.Debug|x64.ActiveCfg = Debug|Any CPU
		{D771D6AD-2D55-4E1A-B606-24EDA77B1479}.Debug|x64.Build.0 = Debug|Any CPU
		{D771D6AD-2D55-4E1A-B606-24EDA77B1479}.Debug|x86.ActiveCfg = Debug|Any CPU
		{D771D6AD-2D55-4E1A-B606-24EDA77B1479}.Debug|x86.Build.0 = Debug|Any CPU
		{D771D6AD-2D55-4E1A-B606-24EDA77B1479}.Release|Any CPU.ActiveCfg = Release|Any CPU
		{D771D6AD-2D55-4E1A-B606-24EDA77B1479}.Release|Any CPU.Build.0 = Release|Any CPU
		{D771D6AD-2D55-4E1A-B606-24EDA77B1479}.Release|x64.ActiveCfg = Release|Any CPU
		{D771D6AD-2D55-4E1A-B606-24EDA77B1479}.Release|x64.Build.0 = Release|Any CPU
		{D771D6AD-2D55-4E1A-B606-24EDA77B1479}.Release|x86.ActiveCfg = Release|Any CPU
		{D771D6AD-2D55-4E1A-B606-24EDA77B1479}.Release|x86.Build.0 = Release|Any CPU
		{4437D199-D585-4F82-A5C8-D5C670EC1814}.Debug|Any CPU.ActiveCfg = Debug|Any CPU
		{4437D199-D585-4F82-A5C8-D5C670EC1814}.Debug|Any CPU.Build.0 = Debug|Any CPU
		{4437D199-D585-4F82-A5C8-D5C670EC1814}.Debug|x64.ActiveCfg = Debug|Any CPU
		{4437D199-D585-4F82-A5C8-D5C670EC1814}.Debug|x64.Build.0 = Debug|Any CPU
		{4437D199-D585-4F82-A5C8-D5C670EC1814}.Debug|x86.ActiveCfg = Debug|Any CPU
		{4437D199-D585-4F82-A5C8-D5C670EC1814}.Debug|x86.Build.0 = Debug|Any CPU
		{4437D199-D585-4F82-A5C8-D5C670EC1814}.Release|Any CPU.ActiveCfg = Release|Any CPU
		{4437D199-D585-4F82-A5C8-D5C670EC1814}.Release|Any CPU.Build.0 = Release|Any CPU
		{4437D199-D585-4F82-A5C8-D5C670EC1814}.Release|x64.ActiveCfg = Release|Any CPU
		{4437D199-D585-4F82-A5C8-D5C670EC1814}.Release|x64.Build.0 = Release|Any CPU
		{4437D199-D585-4F82-A5C8-D5C670EC1814}.Release|x86.ActiveCfg = Release|Any CPU
		{4437D199-D585-4F82-A5C8-D5C670EC1814}.Release|x86.Build.0 = Release|Any CPU
		{64336414-1838-4D4D-9933-C5154DBF0BF5}.Debug|Any CPU.ActiveCfg = Debug|Any CPU
		{64336414-1838-4D4D-9933-C5154DBF0BF5}.Debug|Any CPU.Build.0 = Debug|Any CPU
		{64336414-1838-4D4D-9933-C5154DBF0BF5}.Debug|x64.ActiveCfg = Debug|Any CPU
		{64336414-1838-4D4D-9933-C5154DBF0BF5}.Debug|x64.Build.0 = Debug|Any CPU
		{64336414-1838-4D4D-9933-C5154DBF0BF5}.Debug|x86.ActiveCfg = Debug|Any CPU
		{64336414-1838-4D4D-9933-C5154DBF0BF5}.Debug|x86.Build.0 = Debug|Any CPU
		{64336414-1838-4D4D-9933-C5154DBF0BF5}.Release|Any CPU.ActiveCfg = Release|Any CPU
		{64336414-1838-4D4D-9933-C5154DBF0BF5}.Release|Any CPU.Build.0 = Release|Any CPU
		{64336414-1838-4D4D-9933-C5154DBF0BF5}.Release|x64.ActiveCfg = Release|Any CPU
		{64336414-1838-4D4D-9933-C5154DBF0BF5}.Release|x64.Build.0 = Release|Any CPU
		{64336414-1838-4D4D-9933-C5154DBF0BF5}.Release|x86.ActiveCfg = Release|Any CPU
		{64336414-1838-4D4D-9933-C5154DBF0BF5}.Release|x86.Build.0 = Release|Any CPU
		{2F17203A-2B7A-45FA-A3D3-C4259EB2C981}.Debug|Any CPU.ActiveCfg = Debug|Any CPU
		{2F17203A-2B7A-45FA-A3D3-C4259EB2C981}.Debug|Any CPU.Build.0 = Debug|Any CPU
		{2F17203A-2B7A-45FA-A3D3-C4259EB2C981}.Debug|x64.ActiveCfg = Debug|Any CPU
		{2F17203A-2B7A-45FA-A3D3-C4259EB2C981}.Debug|x64.Build.0 = Debug|Any CPU
		{2F17203A-2B7A-45FA-A3D3-C4259EB2C981}.Debug|x86.ActiveCfg = Debug|Any CPU
		{2F17203A-2B7A-45FA-A3D3-C4259EB2C981}.Debug|x86.Build.0 = Debug|Any CPU
		{2F17203A-2B7A-45FA-A3D3-C4259EB2C981}.Release|Any CPU.ActiveCfg = Release|Any CPU
		{2F17203A-2B7A-45FA-A3D3-C4259EB2C981}.Release|Any CPU.Build.0 = Release|Any CPU
		{2F17203A-2B7A-45FA-A3D3-C4259EB2C981}.Release|x64.ActiveCfg = Release|Any CPU
		{2F17203A-2B7A-45FA-A3D3-C4259EB2C981}.Release|x64.Build.0 = Release|Any CPU
		{2F17203A-2B7A-45FA-A3D3-C4259EB2C981}.Release|x86.ActiveCfg = Release|Any CPU
		{2F17203A-2B7A-45FA-A3D3-C4259EB2C981}.Release|x86.Build.0 = Release|Any CPU
		{E17041A3-BAE9-4CDB-8339-4C0369750C88}.Debug|Any CPU.ActiveCfg = Debug|Any CPU
		{E17041A3-BAE9-4CDB-8339-4C0369750C88}.Debug|Any CPU.Build.0 = Debug|Any CPU
		{E17041A3-BAE9-4CDB-8339-4C0369750C88}.Debug|x64.ActiveCfg = Debug|Any CPU
		{E17041A3-BAE9-4CDB-8339-4C0369750C88}.Debug|x64.Build.0 = Debug|Any CPU
		{E17041A3-BAE9-4CDB-8339-4C0369750C88}.Debug|x86.ActiveCfg = Debug|Any CPU
		{E17041A3-BAE9-4CDB-8339-4C0369750C88}.Debug|x86.Build.0 = Debug|Any CPU
		{E17041A3-BAE9-4CDB-8339-4C0369750C88}.Release|Any CPU.ActiveCfg = Release|Any CPU
		{E17041A3-BAE9-4CDB-8339-4C0369750C88}.Release|Any CPU.Build.0 = Release|Any CPU
		{E17041A3-BAE9-4CDB-8339-4C0369750C88}.Release|x64.ActiveCfg = Release|Any CPU
		{E17041A3-BAE9-4CDB-8339-4C0369750C88}.Release|x64.Build.0 = Release|Any CPU
		{E17041A3-BAE9-4CDB-8339-4C0369750C88}.Release|x86.ActiveCfg = Release|Any CPU
		{E17041A3-BAE9-4CDB-8339-4C0369750C88}.Release|x86.Build.0 = Release|Any CPU
		{877572C9-6D5E-4A33-B103-0231305722B2}.Debug|Any CPU.ActiveCfg = Debug|Any CPU
		{877572C9-6D5E-4A33-B103-0231305722B2}.Debug|Any CPU.Build.0 = Debug|Any CPU
		{877572C9-6D5E-4A33-B103-0231305722B2}.Debug|x64.ActiveCfg = Debug|Any CPU
		{877572C9-6D5E-4A33-B103-0231305722B2}.Debug|x64.Build.0 = Debug|Any CPU
		{877572C9-6D5E-4A33-B103-0231305722B2}.Debug|x86.ActiveCfg = Debug|Any CPU
		{877572C9-6D5E-4A33-B103-0231305722B2}.Debug|x86.Build.0 = Debug|Any CPU
		{877572C9-6D5E-4A33-B103-0231305722B2}.Release|Any CPU.ActiveCfg = Release|Any CPU
		{877572C9-6D5E-4A33-B103-0231305722B2}.Release|Any CPU.Build.0 = Release|Any CPU
		{877572C9-6D5E-4A33-B103-0231305722B2}.Release|x64.ActiveCfg = Release|Any CPU
		{877572C9-6D5E-4A33-B103-0231305722B2}.Release|x64.Build.0 = Release|Any CPU
		{877572C9-6D5E-4A33-B103-0231305722B2}.Release|x86.ActiveCfg = Release|Any CPU
		{877572C9-6D5E-4A33-B103-0231305722B2}.Release|x86.Build.0 = Release|Any CPU
		{E2B3DC4F-AB11-44E5-8EED-52154AEAEA51}.Debug|Any CPU.ActiveCfg = Debug|Any CPU
		{E2B3DC4F-AB11-44E5-8EED-52154AEAEA51}.Debug|Any CPU.Build.0 = Debug|Any CPU
		{E2B3DC4F-AB11-44E5-8EED-52154AEAEA51}.Debug|x64.ActiveCfg = Debug|Any CPU
		{E2B3DC4F-AB11-44E5-8EED-52154AEAEA51}.Debug|x64.Build.0 = Debug|Any CPU
		{E2B3DC4F-AB11-44E5-8EED-52154AEAEA51}.Debug|x86.ActiveCfg = Debug|Any CPU
		{E2B3DC4F-AB11-44E5-8EED-52154AEAEA51}.Debug|x86.Build.0 = Debug|Any CPU
		{E2B3DC4F-AB11-44E5-8EED-52154AEAEA51}.Release|Any CPU.ActiveCfg = Release|Any CPU
		{E2B3DC4F-AB11-44E5-8EED-52154AEAEA51}.Release|Any CPU.Build.0 = Release|Any CPU
		{E2B3DC4F-AB11-44E5-8EED-52154AEAEA51}.Release|x64.ActiveCfg = Release|Any CPU
		{E2B3DC4F-AB11-44E5-8EED-52154AEAEA51}.Release|x64.Build.0 = Release|Any CPU
		{E2B3DC4F-AB11-44E5-8EED-52154AEAEA51}.Release|x86.ActiveCfg = Release|Any CPU
		{E2B3DC4F-AB11-44E5-8EED-52154AEAEA51}.Release|x86.Build.0 = Release|Any CPU
		{93C70DE7-1103-43B5-9322-606A5EEE0CDE}.Debug|Any CPU.ActiveCfg = Debug|Any CPU
		{93C70DE7-1103-43B5-9322-606A5EEE0CDE}.Debug|Any CPU.Build.0 = Debug|Any CPU
		{93C70DE7-1103-43B5-9322-606A5EEE0CDE}.Debug|x64.ActiveCfg = Debug|Any CPU
		{93C70DE7-1103-43B5-9322-606A5EEE0CDE}.Debug|x64.Build.0 = Debug|Any CPU
		{93C70DE7-1103-43B5-9322-606A5EEE0CDE}.Debug|x86.ActiveCfg = Debug|Any CPU
		{93C70DE7-1103-43B5-9322-606A5EEE0CDE}.Debug|x86.Build.0 = Debug|Any CPU
		{93C70DE7-1103-43B5-9322-606A5EEE0CDE}.Release|Any CPU.ActiveCfg = Release|Any CPU
		{93C70DE7-1103-43B5-9322-606A5EEE0CDE}.Release|Any CPU.Build.0 = Release|Any CPU
		{93C70DE7-1103-43B5-9322-606A5EEE0CDE}.Release|x64.ActiveCfg = Release|Any CPU
		{93C70DE7-1103-43B5-9322-606A5EEE0CDE}.Release|x64.Build.0 = Release|Any CPU
		{93C70DE7-1103-43B5-9322-606A5EEE0CDE}.Release|x86.ActiveCfg = Release|Any CPU
		{93C70DE7-1103-43B5-9322-606A5EEE0CDE}.Release|x86.Build.0 = Release|Any CPU
		{B5BB608A-DAE4-4C2D-BD61-5837CE81BFE4}.Debug|Any CPU.ActiveCfg = Debug|Any CPU
		{B5BB608A-DAE4-4C2D-BD61-5837CE81BFE4}.Debug|Any CPU.Build.0 = Debug|Any CPU
		{B5BB608A-DAE4-4C2D-BD61-5837CE81BFE4}.Debug|x64.ActiveCfg = Debug|Any CPU
		{B5BB608A-DAE4-4C2D-BD61-5837CE81BFE4}.Debug|x64.Build.0 = Debug|Any CPU
		{B5BB608A-DAE4-4C2D-BD61-5837CE81BFE4}.Debug|x86.ActiveCfg = Debug|Any CPU
		{B5BB608A-DAE4-4C2D-BD61-5837CE81BFE4}.Debug|x86.Build.0 = Debug|Any CPU
		{B5BB608A-DAE4-4C2D-BD61-5837CE81BFE4}.Release|Any CPU.ActiveCfg = Release|Any CPU
		{B5BB608A-DAE4-4C2D-BD61-5837CE81BFE4}.Release|Any CPU.Build.0 = Release|Any CPU
		{B5BB608A-DAE4-4C2D-BD61-5837CE81BFE4}.Release|x64.ActiveCfg = Release|Any CPU
		{B5BB608A-DAE4-4C2D-BD61-5837CE81BFE4}.Release|x64.Build.0 = Release|Any CPU
		{B5BB608A-DAE4-4C2D-BD61-5837CE81BFE4}.Release|x86.ActiveCfg = Release|Any CPU
		{B5BB608A-DAE4-4C2D-BD61-5837CE81BFE4}.Release|x86.Build.0 = Release|Any CPU
	EndGlobalSection
	GlobalSection(SolutionProperties) = preSolution
		HideSolutionNode = FALSE
	EndGlobalSection
	GlobalSection(NestedProjects) = preSolution
		{D187CBE0-28C5-4079-B5FF-3DA393F20F6E} = {1A1E0CD3-B72D-47B6-A68D-7590B98EB39B}
		{532D0EA2-43FC-4217-9260-11FBB39FF4DE} = {2A1E0CD3-B72D-47B6-A68D-7590B98EB39B}
		{632D0EA2-43FC-4217-9260-11FBB39FF4DE} = {3A1E0CD3-B72D-47B6-A68D-7590B98EB39B}
		{FC76171F-4861-401E-B0B5-2C4452552D2F} = {4A1E0CD3-B72D-47B6-A68D-7590B98EB39B}
		{08342240-6BCF-40F5-942D-370131FFC28F} = {5A1E0CD3-B72D-47B6-A68D-7590B98EB39B}
		{18342240-6BCF-40F5-942D-370131FFC28F} = {5A1E0CD3-B72D-47B6-A68D-7590B98EB39B}
		{1E08AF83-8AF6-8223-9508-84ED9553D15D} = {7A1E0CD3-B72D-47B6-A68D-7590B98EB39B}
		{B2A7C9E1-3F4D-48A2-9F1C-7D8E5A0B2C3E} = {7A1E0CD3-B72D-47B6-A68D-7590B98EB39B}
		{A7F2F6BF-DC72-8398-1FA2-959818E8F235} = {3A1E0CD3-B72D-47B6-A68D-7590B98EB39B}
		{D771D6AD-2D55-4E1A-B606-24EDA77B1479} = {1A1E0CD3-B72D-47B6-A68D-7590B98EB39B}
		{4437D199-D585-4F82-A5C8-D5C670EC1814} = {9ABBC923-FAC0-266A-DE84-ACB5A4383ABA}
		{64336414-1838-4D4D-9933-C5154DBF0BF5} = {1A1E0CD3-B72D-47B6-A68D-7590B98EB39B}
		{2F17203A-2B7A-45FA-A3D3-C4259EB2C981} = {3A1E0CD3-B72D-47B6-A68D-7590B98EB39B}
		{E17041A3-BAE9-4CDB-8339-4C0369750C88} = {5A1E0CD3-B72D-47B6-A68D-7590B98EB39B}
		{877572C9-6D5E-4A33-B103-0231305722B2} = {5A1E0CD3-B72D-47B6-A68D-7590B98EB39B}
		{E2B3DC4F-AB11-44E5-8EED-52154AEAEA51} = {5A1E0CD3-B72D-47B6-A68D-7590B98EB39B}
		{93C70DE7-1103-43B5-9322-606A5EEE0CDE} = {5A1E0CD3-B72D-47B6-A68D-7590B98EB39B}
		{B5BB608A-DAE4-4C2D-BD61-5837CE81BFE4} = {5A1E0CD3-B72D-47B6-A68D-7590B98EB39B}
	EndGlobalSection
	GlobalSection(ExtensibilityGlobals) = postSolution
		SolutionGuid = {5760667F-B7C6-40C5-8E12-3D42AEB0A86D}
	EndGlobalSection
EndGlobal
