{
  "name": "motorcycle-rag-system",
  "lockfileVersion": 3,
  "requires": true,
  "packages": {
    "": {
      "dependencies": {
        "@azure/mcp-darwin-arm64": "^2.0.5"
      }
    },
    "node_modules/@azure/mcp-darwin-arm64": {
      "version": "2.0.5",
      "resolved": "https://registry.npmjs.org/@azure/mcp-darwin-arm64/-/mcp-darwin-arm64-2.0.5.tgz",
      "integrity": "sha512-cK+Q9InsmgI8bq+rHpkbIu+I4Ha9/p3A5hAfchjdEkSepvpc0IgL+OBKLDuO3mYtp345Z+/elfKkFXKu+9b51g==",
      "cpu": [
        "arm64"
      ],
      "license": "MIT",
      "os": [
        "darwin"
      ],
      "bin": {
        "azmcp-darwin-arm64": "dist/azmcp"
      },
      "engines": {
        "node": ">=20.0.0"
      }
    }
  }
}
