{
  "version": 1,
  "dependencies": {
    "net10.0": {
      "Azure.Identity": {
        "type": "Direct",
        "requested": "[1.21.0, )",
        "resolved": "1.21.0",
        "contentHash": "GeFv8sGwRKvDKwI2WFy8r0mhmlxEVZg24Sit2NogTjiSO8RVjllWM65OT6e1sKjOvG8V74y7hAbaELUUPjZQSw==",
        "dependencies": {
          "Azure.Core": "1.53.0"
        }
      },
      "Azure.Storage.Blobs": {
        "type": "Direct",
        "requested": "[12.27.0, )",
        "resolved": "12.27.0",
        "contentHash": "zI5rg1tTtnA8T2g2/21l+1iIUdDjpEQQ0FI1BabJVEQJ1JUyTQKrc41eNabAHs0SBHprl6pu/6OqIMK9Ve+4tQ==",
        "dependencies": {
          "Azure.Core": "1.50.0",
          "Azure.Storage.Common": "12.26.0"
        }
      },
      "coverlet.collector": {
        "type": "Direct",
        "requested": "[10.0.0, )",
        "resolved": "10.0.0",
        "contentHash": "WFejCcOUR6k8UYyDnnR6Gk+obFYMsWrZuNqPJnsVFGVhpPSN0y20D4qbdKJnXinYGx9PQ397Hf9TnU1NBST8vA=="
      },
      "FluentAssertions": {
        "type": "Direct",
        "requested": "[8.9.0, )",
        "resolved": "8.9.0",
        "contentHash": "Y5RDjxaVlxWX2yy0X/ay1tJjSKMOtjepSb83mmfngFS63hm3LsoZNj6nhmImzm1ifRmpF9ouvmHjx9nNwnkpDg=="
      },
      "Microsoft.AspNetCore.Mvc.Testing": {
        "type": "Direct",
        "requested": "[10.0.7, )",
        "resolved": "10.0.7",
        "contentHash": "lWyzApi1g8/r0eXqZBbl5bA8zewS8koxOir83/+OvJcyn2HazdUzPFd4MWc9uMdVzCRX6Z5aY4tNK+N0pWXMLg==",
        "dependencies": {
          "Microsoft.AspNetCore.TestHost": "10.0.7",
          "Microsoft.Extensions.DependencyModel": "10.0.7",
          "Microsoft.Extensions.Hosting": "10.0.7"
        }
      },
      "Microsoft.AspNetCore.TestHost": {
        "type": "Direct",
        "requested": "[10.0.7, )",
        "resolved": "10.0.7",
        "contentHash": "2UM9EtTmX6yF6Efa6WOO7wmHz2kPksmnzPmMwveuOGJQwbtNg5wKGj7usGLr8Ve3AMhIAc2yqyRXt1xNsed3hg=="
      },
      "Microsoft.Extensions.Logging.Abstractions": {
        "type": "Direct",
        "requested": "[10.0.7, )",
        "resolved": "10.0.7",
        "contentHash": "tIEcQ2gvERrH2KiCjdsVcHGhXt9lIsuDStfOIeZWr7/fP8IXhGiYfx0/80PNI7WPO2IYuFtlZLSlnTS8+/Mchw==",
        "dependencies": {
          "Microsoft.Extensions.DependencyInjection.Abstractions": "10.0.7"
        }
      },
      "Microsoft.Extensions.Options": {
        "type": "Direct",
        "requested": "[10.0.7, )",
        "resolved": "10.0.7",
        "contentHash": "00SHUGTh2jSMvIr6x9Xwd2nE+B5/qFCO/9hDwUDhJsjYRDlADmaBZ7tqehXzBDsfjHSXJzuRHJzPYPPjphBQ7Q==",
        "dependencies": {
          "Microsoft.Extensions.DependencyInjection.Abstractions": "10.0.7",
          "Microsoft.Extensions.Primitives": "10.0.7"
        }
      },
      "Microsoft.NET.Test.Sdk": {
        "type": "Direct",
        "requested": "[18.4.0, )",
        "resolved": "18.4.0",
        "contentHash": "w49iZdL4HL6V25l41NVQLXWQ+e71GvSkKVteMrOL02gP/PUkcnO/1yEb2s9FntU4wGmJWfKnyrRAhcMHd9ZZNA==",
        "dependencies": {
          "Microsoft.CodeCoverage": "18.4.0",
          "Microsoft.TestPlatform.TestHost": "18.4.0"
        }
      },
      "Moq": {
        "type": "Direct",
        "requested": "[4.20.72, )",
        "resolved": "4.20.72",
        "contentHash": "EA55cjyNn8eTNWrgrdZJH5QLFp2L43oxl1tlkoYUKIE9pRwL784OWiTXeCV5ApS+AMYEAlt7Fo03A2XfouvHmQ==",
        "dependencies": {
          "Castle.Core": "5.1.1"
        }
      },
      "System.Security.Cryptography.Xml": {
        "type": "Direct",
        "requested": "[10.0.10, )",
        "resolved": "10.0.10",
        "contentHash": "Mz6Y+s+uMQKj1H2BUF0OhlmaOQkLgSG34/IrUaBDirYBQ6bgwcFvO/XtXWcoDlBLFoFB0uKqDNhybHOd+fQK1A==",
        "dependencies": {
          "System.Security.Cryptography.Pkcs": "10.0.10"
        }
      },
      "xunit": {
        "type": "Direct",
        "requested": "[2.9.3, )",
        "resolved": "2.9.3",
        "contentHash": "TlXQBinK35LpOPKHAqbLY4xlEen9TBafjs0V5KnA4wZsoQLQJiirCR4CbIXvOH8NzkW4YeJKP5P/Bnrodm0h9Q==",
        "dependencies": {
          "xunit.analyzers": "1.18.0",
          "xunit.assert": "2.9.3",
          "xunit.core": "[2.9.3]"
        }
      },
      "xunit.runner.visualstudio": {
        "type": "Direct",
        "requested": "[3.1.5, )",
        "resolved": "3.1.5",
        "contentHash": "tKi7dSTwP4m5m9eXPM2Ime4Kn7xNf4x4zT9sdLO/G4hZVnQCRiMTWoSZqI/pYTVeI27oPPqHBKYI/DjJ9GsYgA=="
      },
      "Azure.Core": {
        "type": "Transitive",
        "resolved": "1.53.0",
        "contentHash": "x9c/toFMOtRrlTdFuE7rlGCVAduQzWVfKmLz5juj41zJAXEhYD5hluiUyyAEzJ6OxpBnKtiaBztzwpZITAVjtg==",
        "dependencies": {
          "Microsoft.Bcl.AsyncInterfaces": "10.0.3",
          "Microsoft.Extensions.Configuration.Abstractions": "10.0.3",
          "Microsoft.Extensions.Hosting.Abstractions": "10.0.3",
          "Microsoft.Identity.Client": "4.83.1",
          "Microsoft.Identity.Client.Extensions.Msal": "4.83.1",
          "System.ClientModel": "1.10.0",
          "System.Memory.Data": "10.0.3"
        }
      },
      "Azure.Data.AppConfiguration": {
        "type": "Transitive",
        "resolved": "1.8.0",
        "contentHash": "qUMrJRiVJ9DAsJ3JEyThb+/CiVee4Ow2iy5BDdVoaBUqEyG0sZPyClSn+34I+CGKn8r5esOi3qIOTrcy8CNHOg==",
        "dependencies": {
          "Azure.Core": "1.50.0"
        }
      },
      "Azure.Extensions.AspNetCore.DataProtection.Blobs": {
        "type": "Transitive",
        "resolved": "1.5.1",
        "contentHash": "8Yy2LMuqdEziikD/Xp64/Tx8o71pG22YK3tKdQ7Y297fg2uaLyWAseOyribQLsSuMH2Ma/YGPB6muJ2I/P6PVA==",
        "dependencies": {
          "Azure.Core": "1.46.2",
          "Azure.Storage.Blobs": "12.24.1",
          "Microsoft.AspNetCore.DataProtection": "8.0.16",
          "Microsoft.Bcl.AsyncInterfaces": "8.0.0"
        }
      },
      "Azure.Messaging.EventGrid": {
        "type": "Transitive",
        "resolved": "5.0.0",
        "contentHash": "/lc0X9Na9v8mb6cY8vRIaMuQEcerHK8msmwmc3nhkY9QX4x4R8w+sDxnHM0eXezzzmEumkfUPnDWIKCEzvsl9A==",
        "dependencies": {
          "Azure.Core": "1.46.2",
          "Azure.Messaging.EventGrid.SystemEvents": "1.0.0"
        }
      },
      "Azure.Messaging.EventGrid.SystemEvents": {
        "type": "Transitive",
        "resolved": "1.0.0",
        "contentHash": "sGAZL0Kw3ErcPPdN3+OcMM+fTCeyGtP/No0+D7PP4tCI5VqKB2DxOlu/tdF4UYuk6YXE3XAZ/yHDjmzEaqr59g==",
        "dependencies": {
          "Azure.Core": "1.46.2"
        }
      },
      "Azure.Security.KeyVault.Secrets": {
        "type": "Transitive",
        "resolved": "4.8.0",
        "contentHash": "tmcIgo+de2K5+PTBRNlnFLQFbmSoyuT9RpDr5MwKS6mIfNxLPQpARkRAP91r3tmeiJ9j/UCO0F+hTlk1Bk7HNQ==",
        "dependencies": {
          "Azure.Core": "1.46.2"
        }
      },
      "Azure.Storage.Common": {
        "type": "Transitive",
        "resolved": "12.26.0",
        "contentHash": "XaT6CDcSshZb7KaCTwc6m4EouZbLBg7ciOEpsJSdJCvkNsZJQCvPKw7V5TtXno19AA1NpwtsZriYque8mzbQVg==",
        "dependencies": {
          "Azure.Core": "1.50.0",
          "System.IO.Hashing": "10.0.1"
        }
      },
      "Castle.Core": {
        "type": "Transitive",
        "resolved": "5.1.1",
        "contentHash": "rpYtIczkzGpf+EkZgDr9CClTdemhsrwA/W5hMoPjLkRFnXzH44zDLoovXeKtmxb1ykXK9aJVODSpiJml8CTw2g==",
        "dependencies": {
          "System.Diagnostics.EventLog": "6.0.0"
        }
      },
      "DnsClient": {
        "type": "Transitive",
        "resolved": "1.7.0",
        "contentHash": "2hrXR83b5g6/ZMJOA36hXp4t56yb7G1mF3Hg6IkrHxvtyaoXRn2WVdgDPN3V8+GugOlUBbTWXgPaka4dXw1QIg=="
      },
      "Microsoft.ApplicationInsights": {
        "type": "Transitive",
        "resolved": "2.23.0",
        "contentHash": "nWArUZTdU7iqZLycLKWe0TDms48KKGE6pONH2terYNa8REXiqixrMOkf1sk5DHGMaUTqONU2YkS4SAXBhLStgw=="
      },
      "Microsoft.ApplicationInsights.AspNetCore": {
        "type": "Transitive",
        "resolved": "2.23.0",
        "contentHash": "we/RsIn0Mwf/4ZNGXZixJ0lVD3pqjx2yVeKfqJybgYY/Lib8nnf+8YGJp+ULN3kOk39I0pI/7ZnF9LFy6hS3lw==",
        "dependencies": {
          "Microsoft.ApplicationInsights": "2.23.0",
          "Microsoft.ApplicationInsights.DependencyCollector": "2.23.0",
          "Microsoft.ApplicationInsights.EventCounterCollector": "2.23.0",
          "Microsoft.ApplicationInsights.PerfCounterCollector": "2.23.0",
          "Microsoft.ApplicationInsights.WindowsServer": "2.23.0",
          "Microsoft.ApplicationInsights.WindowsServer.TelemetryChannel": "2.23.0",
          "Microsoft.AspNetCore.Hosting": "2.1.1",
          "Microsoft.AspNetCore.Http": "2.1.22",
          "Microsoft.Extensions.Configuration.Json": "3.1.0",
          "Microsoft.Extensions.Logging.ApplicationInsights": "2.23.0"
        }
      },
      "Microsoft.ApplicationInsights.DependencyCollector": {
        "type": "Transitive",
        "resolved": "2.23.0",
        "contentHash": "9YRdl9SNbTxd4AafJckyoJLr5gJdnvqFivjo+PY0lQTPEncPB+z3ZABG4iDfxN9HI1aLqyRINr1/7de9Wg8ZuQ==",
        "dependencies": {
          "Microsoft.ApplicationInsights": "2.23.0"
        }
      },
      "Microsoft.ApplicationInsights.EventCounterCollector": {
        "type": "Transitive",
        "resolved": "2.23.0",
        "contentHash": "gGt0JPw2dcSeIAIefyORJBdeMz8KgAFIktu8HV/NwkiGmLyw+YtifLm6B5gvGxO15AeMsGPbmvWEIvLfq88XPw==",
        "dependencies": {
          "Microsoft.ApplicationInsights": "2.23.0"
        }
      },
      "Microsoft.ApplicationInsights.PerfCounterCollector": {
        "type": "Transitive",
        "resolved": "2.23.0",
        "contentHash": "q9ApjZfBS9O8m3aQM2oVjsGBmlE8BCFywT7UR+8aqdNuz7HpoIxw4jHy0XOBergiFX/olrJF4OyPkGxc3H5JHg==",
        "dependencies": {
          "Microsoft.ApplicationInsights": "2.23.0",
          "Microsoft.Extensions.Caching.Memory": "1.0.0",
          "System.Diagnostics.PerformanceCounter": "6.0.0"
        }
      },
      "Microsoft.ApplicationInsights.WindowsServer": {
        "type": "Transitive",
        "resolved": "2.23.0",
        "contentHash": "2B8CGfnB/tribkQAqRBhMvJYJK5TkEPMG/BB0QrlxdwVGEufayNLMveXjkQCqld9arXd6wKR1ve2XmkA0+xXKQ==",
        "dependencies": {
          "Microsoft.ApplicationInsights": "2.23.0",
          "Microsoft.ApplicationInsights.DependencyCollector": "2.23.0",
          "Microsoft.ApplicationInsights.PerfCounterCollector": "2.23.0",
          "Microsoft.ApplicationInsights.WindowsServer.TelemetryChannel": "2.23.0"
        }
      },
      "Microsoft.ApplicationInsights.WindowsServer.TelemetryChannel": {
        "type": "Transitive",
        "resolved": "2.23.0",
        "contentHash": "798Dudr4tkujslk1w+XcXOcCErmVsk+nhp+QCHLa3lcgi25vkAxBmzPUeQlRJVCNL/1f4x/YF+vQZ8RSuTXWCw==",
        "dependencies": {
          "Microsoft.ApplicationInsights": "2.23.0",
          "System.IO.FileSystem.AccessControl": "4.7.0"
        }
      },
      "Microsoft.AspNetCore.Authentication.OpenIdConnect": {
        "type": "Transitive",
        "resolved": "10.0.7",
        "contentHash": "Q7c2IKS/EwKScck80dp5zps1g62Dbqpteeh/mGMReFKuiP+88yWT4jB+mcP4cIFA+wsuIxh9uFJa6GHK4/9rzQ==",
        "dependencies": {
          "Microsoft.IdentityModel.Protocols.OpenIdConnect": "8.0.1"
        }
      },
      "Microsoft.AspNetCore.Cryptography.Internal": {
        "type": "Transitive",
        "resolved": "8.0.16",
        "contentHash": "8a1PqFVnpw1xpw0Uyx11raS9L9mHSSuN13QDoFSytGhuJbzkZOCB6rDoa+3vuOM8om+JLs4dRBVUmW3zWlhn+g=="
      },
      "Microsoft.AspNetCore.DataProtection": {
        "type": "Transitive",
        "resolved": "8.0.16",
        "contentHash": "B9QwLoN5Pna4ngAy/wE/r6uDZuJagf2ipI5h4lsV6n/JthowHdTHQfVkZzYsL0xPrB2SIMrd3Io2zttxNmkB0w==",
        "dependencies": {
          "Microsoft.AspNetCore.Cryptography.Internal": "8.0.16",
          "Microsoft.AspNetCore.DataProtection.Abstractions": "8.0.16",
          "Microsoft.Extensions.DependencyInjection.Abstractions": "8.0.2",
          "Microsoft.Extensions.Hosting.Abstractions": "8.0.1",
          "Microsoft.Extensions.Logging.Abstractions": "8.0.3",
          "Microsoft.Extensions.Options": "8.0.2",
          "System.Security.Cryptography.Xml": "8.0.2"
        }
      },
      "Microsoft.AspNetCore.DataProtection.Abstractions": {
        "type": "Transitive",
        "resolved": "8.0.16",
        "contentHash": "PiM2DgwPrqMuga6wKohZE9EPlckKk96nOL+2yNyOZY1sdW0fMdfflnXjCZbU04D3GH1ljaoSgKjK2ssH4on7Nw=="
      },
      "Microsoft.AspNetCore.Hosting": {
        "type": "Transitive",
        "resolved": "2.1.1",
        "contentHash": "MqYc0DUxrhAPnb5b4HFspxsoJT+gJlLsliSxIgovf4BsbmpaXQId0/pDiVzLuEbmks2w1/lRfY8w0lQOuK1jQQ==",
        "dependencies": {
          "Microsoft.AspNetCore.Hosting.Abstractions": "2.1.1",
          "Microsoft.AspNetCore.Http": "2.1.1",
          "Microsoft.AspNetCore.Http.Extensions": "2.1.1",
          "Microsoft.Extensions.Configuration": "2.1.1",
          "Microsoft.Extensions.Configuration.EnvironmentVariables": "2.1.1",
          "Microsoft.Extensions.Configuration.FileExtensions": "2.1.1",
          "Microsoft.Extensions.DependencyInjection": "2.1.1",
          "Microsoft.Extensions.FileProviders.Physical": "2.1.1",
          "Microsoft.Extensions.Hosting.Abstractions": "2.1.1",
          "Microsoft.Extensions.Logging": "2.1.1",
          "Microsoft.Extensions.Options": "2.1.1"
        }
      },
      "Microsoft.AspNetCore.Hosting.Abstractions": {
        "type": "Transitive",
        "resolved": "2.1.1",
        "contentHash": "76cKcp2pWhvdV2TXTqMg/DyW7N6cDzTEhtL8vVWFShQN+Ylwv3eO/vUQr2BS3Hz4IZHEpL+FOo2T+MtymHDqDQ==",
        "dependencies": {
          "Microsoft.AspNetCore.Hosting.Server.Abstractions": "2.1.1",
          "Microsoft.AspNetCore.Http.Abstractions": "2.1.1",
          "Microsoft.Extensions.Hosting.Abstractions": "2.1.1"
        }
      },
      "Microsoft.AspNetCore.Hosting.Server.Abstractions": {
        "type": "Transitive",
        "resolved": "2.1.1",
        "contentHash": "+vD7HJYzAXNq17t+NgRkpS38cxuAyOBu8ixruOiA3nWsybozolUdALWiZ5QFtGRzajSLPFA2YsbO3NPcqoUwcw==",
        "dependencies": {
          "Microsoft.AspNetCore.Http.Features": "2.1.1",
          "Microsoft.Extensions.Configuration.Abstractions": "2.1.1"
        }
      },
      "Microsoft.AspNetCore.Http": {
        "type": "Transitive",
        "resolved": "2.1.22",
        "contentHash": "+Blk++1JWqghbl8+3azQmKhiNZA5wAepL9dY2I6KVmu2Ri07MAcvAVC888qUvO7yd7xgRgZOMfihezKg14O/2A==",
        "dependencies": {
          "Microsoft.AspNetCore.Http.Abstractions": "2.1.1",
          "Microsoft.AspNetCore.WebUtilities": "2.1.1",
          "Microsoft.Extensions.ObjectPool": "2.1.1",
          "Microsoft.Extensions.Options": "2.1.1",
          "Microsoft.Net.Http.Headers": "2.1.1"
        }
      },
      "Microsoft.AspNetCore.Http.Abstractions": {
        "type": "Transitive",
        "resolved": "2.1.1",
        "contentHash": "kQUEVOU4loc8CPSb2WoHFTESqwIa8Ik7ysCBfTwzHAd0moWovc9JQLmhDIHlYLjHbyexqZAlkq/FPRUZqokebw==",
        "dependencies": {
          "Microsoft.AspNetCore.Http.Features": "2.1.1"
        }
      },
      "Microsoft.AspNetCore.Http.Extensions": {
        "type": "Transitive",
        "resolved": "2.1.1",
        "contentHash": "ncAgV+cqsWSqjLXFUTyObGh4Tr7ShYYs3uW8Q/YpRwZn7eLV7dux5Z6GLY+rsdzmIHiia3Q2NWbLULQi7aziHw==",
        "dependencies": {
          "Microsoft.AspNetCore.Http.Abstractions": "2.1.1",
          "Microsoft.Extensions.FileProviders.Abstractions": "2.1.1",
          "Microsoft.Net.Http.Headers": "2.1.1"
        }
      },
      "Microsoft.AspNetCore.Http.Features": {
        "type": "Transitive",
        "resolved": "2.1.1",
        "contentHash": "VklZ7hWgSvHBcDtwYYkdMdI/adlf7ebxTZ9kdzAhX+gUs5jSHE9mZlTamdgf9miSsxc1QjNazHXTDJdVPZKKTw==",
        "dependencies": {
          "Microsoft.Extensions.Primitives": "2.1.1"
        }
      },
      "Microsoft.AspNetCore.SpaServices.Extensions": {
        "type": "Transitive",
        "resolved": "10.0.7",
        "contentHash": "zCRSYjGlkCULOiaAHi1knJpQ4fRm6nUYiPFQTRyeODGg5BZSTC2E7qHc5Y/bzX1dxpQXA5K5wT3hWtY5k7hryQ==",
        "dependencies": {
          "Microsoft.Extensions.FileProviders.Physical": "10.0.7"
        }
      },
      "Microsoft.AspNetCore.WebUtilities": {
        "type": "Transitive",
        "resolved": "2.1.1",
        "contentHash": "PGKIZt4+412Z/XPoSjvYu/QIbTxcAQuEFNoA1Pw8a9mgmO0ZhNBmfaNyhgXFf7Rq62kP0tT/2WXpxdcQhkFUPA==",
        "dependencies": {
          "Microsoft.Net.Http.Headers": "2.1.1"
        }
      },
      "Microsoft.Azure.AppConfiguration.AspNetCore": {
        "type": "Transitive",
        "resolved": "8.5.0",
        "contentHash": "xXlb9397MVSvTYsdmyct6oM5H2DxYXDk6GllUqUEhP2vH/rL2exM3jZsAJTKEHxI0uJyuod8nVsG83UZZ1S+bA==",
        "dependencies": {
          "Microsoft.Extensions.Configuration.AzureAppConfiguration": "8.5.0"
        }
      },
      "Microsoft.Bcl.AsyncInterfaces": {
        "type": "Transitive",
        "resolved": "10.0.3",
        "contentHash": "TV62UsrJZPX6gbt3c4WrtXh7bmaDIcMqf9uft1cc4L6gJXOU07hDGEh+bFQh/L2Az0R1WVOkiT66lFqS6G2NmA=="
      },
      "Microsoft.Bcl.HashCode": {
        "type": "Transitive",
        "resolved": "6.0.0",
        "contentHash": "GI4jcoi6eC9ZhNOQylIBaWOQjyGaR8T6N3tC1u8p3EXfndLCVNNWa+Zp+ocjvvS3kNBN09Zma2HXL0ezO0dRfw=="
      },
      "Microsoft.CodeCoverage": {
        "type": "Transitive",
        "resolved": "18.4.0",
        "contentHash": "9O0BtCfzCWrkAmK187ugKdq72HHOXoOUjuWFDVc2LsZZ0pOnA9bTt+Sg9q4cF+MoAaUU+MuWtvBuFsnduviJow=="
      },
      "Microsoft.Extensions.Azure": {
        "type": "Transitive",
        "resolved": "1.12.0",
        "contentHash": "3sIvazPesPdEn5t2yT+pwVWKm1LyN/LB31Wh52giRNf2ckcKmaxW2KOA5uNZHSaqABhMDPAYGMeGBFQreZ7uUg==",
        "dependencies": {
          "Azure.Core": "1.46.2",
          "Azure.Identity": "1.13.1",
          "Microsoft.Extensions.Configuration": "8.0.0",
          "Microsoft.Extensions.Configuration.Abstractions": "8.0.0",
          "Microsoft.Extensions.Configuration.Binder": "8.0.2",
          "Microsoft.Extensions.DependencyInjection.Abstractions": "8.0.2",
          "Microsoft.Extensions.Logging": "8.0.1",
          "Microsoft.Extensions.Logging.Abstractions": "8.0.3",
          "Microsoft.Extensions.Options": "8.0.2"
        }
      },
      "Microsoft.Extensions.Caching.Abstractions": {
        "type": "Transitive",
        "resolved": "1.0.0",
        "contentHash": "IxlFDVOchL6tdR05bk7EiJvMtvZrVkZXBhkbXqc3GxOHOrHFGcN+92WoWFPeBpdpy8ot/Px5ZdXzt7k+2n1Bdg==",
        "dependencies": {
          "Microsoft.Extensions.Primitives": "1.0.0"
        }
      },
      "Microsoft.Extensions.Caching.Memory": {
        "type": "Transitive",
        "resolved": "1.0.0",
        "contentHash": "6+7zTufCnZ+tfrUo7RbIRR3LB0BxwOwxfXuo0IbLyIvgoToGpWuz5wYEDfCYNOvpig9tY8FA0I1uRHYmITMXMQ==",
        "dependencies": {
          "Microsoft.Extensions.Caching.Abstractions": "1.0.0",
          "Microsoft.Extensions.DependencyInjection.Abstractions": "1.0.0",
          "Microsoft.Extensions.Options": "1.0.0"
        }
      },
      "Microsoft.Extensions.Configuration": {
        "type": "Transitive",
        "resolved": "10.0.7",
        "contentHash": "wZbGh7J8R1vXN525O6d8dlcDTxhRTnd5MyW4LdfP5S0tSnTwTCseYSrq6g0Mxh7W9xn8P/2xPuf0D/m6k2dy2w==",
        "dependencies": {
          "Microsoft.Extensions.Configuration.Abstractions": "10.0.7",
          "Microsoft.Extensions.Primitives": "10.0.7"
        }
      },
      "Microsoft.Extensions.Configuration.Abstractions": {
        "type": "Transitive",
        "resolved": "10.0.7",
        "contentHash": "t56nEgvECcyLPojZIUFWJknQQDAbgfTf9J+QMYJE1YYvVgz69vN6B/AKL8Grvj3Lcnp8kTpNqwmwFhb3YLJmtQ==",
        "dependencies": {
          "Microsoft.Extensions.Primitives": "10.0.7"
        }
      },
      "Microsoft.Extensions.Configuration.AzureAppConfiguration": {
        "type": "Transitive",
        "resolved": "8.5.0",
        "contentHash": "JUXPUW3LJ9OgMyFzq6RafPAvVp6HAv4rL9+PozB/Syjah3riQohWghoiWf8YG9hxsJShs1yxLtlWNZagH2Qpag==",
        "dependencies": {
          "Azure.Data.AppConfiguration": "1.8.0",
          "Azure.Messaging.EventGrid": "5.0.0",
          "Azure.Security.KeyVault.Secrets": "4.8.0",
          "DnsClient": "1.7.0",
          "Microsoft.Bcl.HashCode": "6.0.0",
          "Microsoft.Extensions.Azure": "1.12.0",
          "Microsoft.Extensions.Configuration": "8.0.0",
          "Microsoft.Extensions.DependencyInjection.Abstractions": "8.0.2",
          "Microsoft.Extensions.Diagnostics.HealthChecks": "8.0.19",
          "Microsoft.Extensions.Logging": "8.0.1"
        }
      },
      "Microsoft.Extensions.Configuration.Binder": {
        "type": "Transitive",
        "resolved": "10.0.7",
        "contentHash": "8bS1qIaRivny+WX+49pmeJ6iAylbtX8C0DLEcCQWZjdxQvLqaMssXiGD9P/6pYElrHbK5/nAHmjbQ8STqdMYeg==",
        "dependencies": {
          "Microsoft.Extensions.Configuration": "10.0.7",
          "Microsoft.Extensions.Configuration.Abstractions": "10.0.7"
        }
      },
      "Microsoft.Extensions.Configuration.CommandLine": {
        "type": "Transitive",
        "resolved": "10.0.7",
        "contentHash": "3lNjglxfFxOzI9zG+3HSg/YSGqo//8Fqw6u6iuIamZb4JCorbA3JLaeWOpfKTAPi2UJwaispOXWx14dUqcGz4A==",
        "dependencies": {
          "Microsoft.Extensions.Configuration": "10.0.7",
          "Microsoft.Extensions.Configuration.Abstractions": "10.0.7"
        }
      },
      "Microsoft.Extensions.Configuration.EnvironmentVariables": {
        "type": "Transitive",
        "resolved": "10.0.7",
        "contentHash": "TWto3imA+mJMLZI+5sbgLiFFoOFNFkizQYNaC5jTuiHKn3diwm1RN7mWDOEZN9kG2bixw7IvgpvtUG5/teSRzA==",
        "dependencies": {
          "Microsoft.Extensions.Configuration": "10.0.7",
          "Microsoft.Extensions.Configuration.Abstractions": "10.0.7"
        }
      },
      "Microsoft.Extensions.Configuration.FileExtensions": {
        "type": "Transitive",
        "resolved": "10.0.7",
        "contentHash": "qbZLvLsoTdArSloEnSxs21P781YUmwVmHc5NJPQD/ezAreQ7884z+6QfAZVKi86WAZtzx83jK2uC4itxOM44gQ==",
        "dependencies": {
          "Microsoft.Extensions.Configuration": "10.0.7",
          "Microsoft.Extensions.Configuration.Abstractions": "10.0.7",
          "Microsoft.Extensions.FileProviders.Abstractions": "10.0.7",
          "Microsoft.Extensions.FileProviders.Physical": "10.0.7",
          "Microsoft.Extensions.Primitives": "10.0.7"
        }
      },
      "Microsoft.Extensions.Configuration.Json": {
        "type": "Transitive",
        "resolved": "10.0.7",
        "contentHash": "64dimvyyKk0dbUbrLg/YCv4ugJ4sVz2aXLwfvZwR1EC4tJqW9ru/oVRcXwoJRa2lQGXtYtlpk4maWOeIb48tQw==",
        "dependencies": {
          "Microsoft.Extensions.Configuration": "10.0.7",
          "Microsoft.Extensions.Configuration.Abstractions": "10.0.7",
          "Microsoft.Extensions.Configuration.FileExtensions": "10.0.7",
          "Microsoft.Extensions.FileProviders.Abstractions": "10.0.7"
        }
      },
      "Microsoft.Extensions.Configuration.UserSecrets": {
        "type": "Transitive",
        "resolved": "10.0.7",
        "contentHash": "YqVIICoIdl0016wkeO2WQS+uEbEXbUhMLKdC5rZNl1X3nu59F+nwaAHdHjq/4OK+Cx31DYmNUSFh+MUot8qSDw==",
        "dependencies": {
          "Microsoft.Extensions.Configuration.Abstractions": "10.0.7",
          "Microsoft.Extensions.Configuration.Json": "10.0.7",
          "Microsoft.Extensions.FileProviders.Abstractions": "10.0.7",
          "Microsoft.Extensions.FileProviders.Physical": "10.0.7"
        }
      },
      "Microsoft.Extensions.DependencyInjection": {
        "type": "Transitive",
        "resolved": "10.0.7",
        "contentHash": "91F/o3emPV/+xY/ip3s2LqDNF14kjttlVtq0BXgg6p4MnCzeSZxnUJm+t6WRrtD3JdGo88/oX+z7OwK4y8PZuw==",
        "dependencies": {
          "Microsoft.Extensions.DependencyInjection.Abstractions": "10.0.7"
        }
      },
      "Microsoft.Extensions.DependencyInjection.Abstractions": {
        "type": "Transitive",
        "resolved": "10.0.7",
        "contentHash": "Z6mfFEaFcwCfSboxJwOLfu7/31npCY9q70WUamHW/vRQhDvBKOT4Vf9YkZj5J6hLvJpb0oDEYfHunQZj0xxvKw=="
      },
      "Microsoft.Extensions.DependencyModel": {
        "type": "Transitive",
        "resolved": "10.0.7",
        "contentHash": "gCglFg/9Chu3lyJNytRuQAYM3mXQKNs1i01Cz2bc545QaHQ+LbBb4O5UCfu968Gro3ZVSOZ/ktilmPcaUSGSZA=="
      },
      "Microsoft.Extensions.Diagnostics": {
        "type": "Transitive",
        "resolved": "10.0.7",
        "contentHash": "l+smp1qPlU0OUXD0OGfdp7OUFrbdq7ZaP5T7m2WpfZ4RFKD7iG73BAT7tjSMxNmbSXkhAn1jYHOAqzYG1r9sNg==",
        "dependencies": {
          "Microsoft.Extensions.Configuration": "10.0.7",
          "Microsoft.Extensions.Diagnostics.Abstractions": "10.0.7",
          "Microsoft.Extensions.Options.ConfigurationExtensions": "10.0.7"
        }
      },
      "Microsoft.Extensions.Diagnostics.Abstractions": {
        "type": "Transitive",
        "resolved": "10.0.7",
        "contentHash": "uJ9JP677y+uy+C0vtaSfi7XXgFAdz8DhU3M9lwwIXDfQKcyQ0yxM9DVYa0NXDtdVTYA2eBUtVFZ8LY0GCdeE/w==",
        "dependencies": {
          "Microsoft.Extensions.DependencyInjection.Abstractions": "10.0.7",
          "Microsoft.Extensions.Options": "10.0.7"
        }
      },
      "Microsoft.Extensions.Diagnostics.HealthChecks": {
        "type": "Transitive",
        "resolved": "8.0.19",
        "contentHash": "GvB0NtqipGPLfTf+DslLzxwsOQjpobSFxwm1N2hp/KvNwMklGrFWQ9CS/EmYXAS1N5yU0hPP7B1ZtOFNZdqY4A==",
        "dependencies": {
          "Microsoft.Extensions.Diagnostics.HealthChecks.Abstractions": "8.0.19",
          "Microsoft.Extensions.Hosting.Abstractions": "8.0.1",
          "Microsoft.Extensions.Logging.Abstractions": "8.0.3",
          "Microsoft.Extensions.Options": "8.0.2"
        }
      },
      "Microsoft.Extensions.Diagnostics.HealthChecks.Abstractions": {
        "type": "Transitive",
        "resolved": "8.0.19",
        "contentHash": "GFCKN00eRy9tKrukgfS3pFZU0SujmZuS1ozA0oRFD2KD5gdzwqjmeblSXyBwb4G9Gj2/Ax7VrabNYiaF1Wjr3g=="
      },
      "Microsoft.Extensions.FileProviders.Abstractions": {
        "type": "Transitive",
        "resolved": "10.0.7",
        "contentHash": "teioDgVpi8L186wUfrXQV1YuBt6lCSPmFZiMZo53+FZxHFjOV+f4GXo4LXgJ273Mku9//AdXWVjk9J7eJP6inw==",
        "dependencies": {
          "Microsoft.Extensions.Primitives": "10.0.7"
        }
      },
      "Microsoft.Extensions.FileProviders.Physical": {
        "type": "Transitive",
        "resolved": "10.0.7",
        "contentHash": "zhgWg/i0ECj5v0jLFBSZHplvc5ygCI91DR4nne+BP4XAKF5ycz0pEKnFiTw8C1jCABJEZsnBZh6pXAvn71kFmw==",
        "dependencies": {
          "Microsoft.Extensions.FileProviders.Abstractions": "10.0.7",
          "Microsoft.Extensions.FileSystemGlobbing": "10.0.7",
          "Microsoft.Extensions.Primitives": "10.0.7"
        }
      },
      "Microsoft.Extensions.FileSystemGlobbing": {
        "type": "Transitive",
        "resolved": "10.0.7",
        "contentHash": "NTUspqB+vH9g4wAD6KPOBx01xqYuKXR/cHXm449zpbq1GqfjdAxBmg7eJXrNsPw7SKwIdT2cJ05GxYVvc+lvsA=="
      },
      "Microsoft.Extensions.Hosting": {
        "type": "Transitive",
        "resolved": "10.0.7",
        "contentHash": "M/vBpfWcschvS2EUeq7cHfscsxabiGTptXwV7GeSueovGiSoNjyo1j5PMcWuOAAQrRW3nRqxZk8NeumrmpzUBg==",
        "dependencies": {
          "Microsoft.Extensions.Configuration": "10.0.7",
          "Microsoft.Extensions.Configuration.Abstractions": "10.0.7",
          "Microsoft.Extensions.Configuration.Binder": "10.0.7",
          "Microsoft.Extensions.Configuration.CommandLine": "10.0.7",
          "Microsoft.Extensions.Configuration.EnvironmentVariables": "10.0.7",
          "Microsoft.Extensions.Configuration.FileExtensions": "10.0.7",
          "Microsoft.Extensions.Configuration.Json": "10.0.7",
          "Microsoft.Extensions.Configuration.UserSecrets": "10.0.7",
          "Microsoft.Extensions.DependencyInjection": "10.0.7",
          "Microsoft.Extensions.DependencyInjection.Abstractions": "10.0.7",
          "Microsoft.Extensions.Diagnostics": "10.0.7",
          "Microsoft.Extensions.FileProviders.Abstractions": "10.0.7",
          "Microsoft.Extensions.FileProviders.Physical": "10.0.7",
          "Microsoft.Extensions.Hosting.Abstractions": "10.0.7",
          "Microsoft.Extensions.Logging": "10.0.7",
          "Microsoft.Extensions.Logging.Abstractions": "10.0.7",
          "Microsoft.Extensions.Logging.Configuration": "10.0.7",
          "Microsoft.Extensions.Logging.Console": "10.0.7",
          "Microsoft.Extensions.Logging.Debug": "10.0.7",
          "Microsoft.Extensions.Logging.EventLog": "10.0.7",
          "Microsoft.Extensions.Logging.EventSource": "10.0.7",
          "Microsoft.Extensions.Options": "10.0.7"
        }
      },
      "Microsoft.Extensions.Hosting.Abstractions": {
        "type": "Transitive",
        "resolved": "10.0.7",
        "contentHash": "5s8d6qC6EA8UOI4wR/+zlsq7SXttJMRb9d7zvVZ7+bE3CQEfVtC9ITUDCommm87R1zzj6WJBbCnztuIJXnP3DA==",
        "dependencies": {
          "Microsoft.Extensions.Configuration.Abstractions": "10.0.7",
          "Microsoft.Extensions.DependencyInjection.Abstractions": "10.0.7",
          "Microsoft.Extensions.Diagnostics.Abstractions": "10.0.7",
          "Microsoft.Extensions.FileProviders.Abstractions": "10.0.7",
          "Microsoft.Extensions.Logging.Abstractions": "10.0.7"
        }
      },
      "Microsoft.Extensions.Logging": {
        "type": "Transitive",
        "resolved": "10.0.7",
        "contentHash": "hOeRIQ63GkgiYCB/MIFp+LQs8aXpJXpB55t6Aj37ab7t2/6WeFcPXxYM9hdy/o5tffzwf8mhqzLJP6mjGYCxjw==",
        "dependencies": {
          "Microsoft.Extensions.DependencyInjection": "10.0.7",
          "Microsoft.Extensions.Logging.Abstractions": "10.0.7",
          "Microsoft.Extensions.Options": "10.0.7"
        }
      },
      "Microsoft.Extensions.Logging.ApplicationInsights": {
        "type": "Transitive",
        "resolved": "2.23.0",
        "contentHash": "JLEabPz445i1yRB0hKZVzJJE35QatRIzWlrMOiBQXr9kBJod0jkpkrBf94ln6kXu+jlEGohnXtuXacPPhybJDw==",
        "dependencies": {
          "Microsoft.ApplicationInsights": "2.23.0",
          "Microsoft.Extensions.Logging": "2.1.1"
        }
      },
      "Microsoft.Extensions.Logging.Configuration": {
        "type": "Transitive",
        "resolved": "10.0.7",
        "contentHash": "7BBnoGF37USiu7j434put9mDp7EjdlNDIZsR4vHfC1FbLZeLqiWjgJbeEtF0p59Ryqt8AtraHawf0ZKbe5jibg==",
        "dependencies": {
          "Microsoft.Extensions.Configuration": "10.0.7",
          "Microsoft.Extensions.Configuration.Abstractions": "10.0.7",
          "Microsoft.Extensions.Configuration.Binder": "10.0.7",
          "Microsoft.Extensions.DependencyInjection.Abstractions": "10.0.7",
          "Microsoft.Extensions.Logging": "10.0.7",
          "Microsoft.Extensions.Logging.Abstractions": "10.0.7",
          "Microsoft.Extensions.Options": "10.0.7",
          "Microsoft.Extensions.Options.ConfigurationExtensions": "10.0.7"
        }
      },
      "Microsoft.Extensions.Logging.Console": {
        "type": "Transitive",
        "resolved": "10.0.7",
        "contentHash": "DA++Es6v6W0HfrOrw+K8WyN6jNnZHp640PDdEvl8yfeVmgflKdn6vSSFvufNUSOuY+M2ZaSUgfY+jUKtNpXcCw==",
        "dependencies": {
          "Microsoft.Extensions.DependencyInjection.Abstractions": "10.0.7",
          "Microsoft.Extensions.Logging": "10.0.7",
          "Microsoft.Extensions.Logging.Abstractions": "10.0.7",
          "Microsoft.Extensions.Logging.Configuration": "10.0.7",
          "Microsoft.Extensions.Options": "10.0.7"
        }
      },
      "Microsoft.Extensions.Logging.Debug": {
        "type": "Transitive",
        "resolved": "10.0.7",
        "contentHash": "Y6DSt/JZApunYWKqTtqbdsR6iqAvHx3D0tavbNJ1rnC24MUpF+3XO/VKgFi+9PFqMyvQ2GHBBGb8H3cLSw7rDg==",
        "dependencies": {
          "Microsoft.Extensions.DependencyInjection.Abstractions": "10.0.7",
          "Microsoft.Extensions.Logging": "10.0.7",
          "Microsoft.Extensions.Logging.Abstractions": "10.0.7"
        }
      },
      "Microsoft.Extensions.Logging.EventLog": {
        "type": "Transitive",
        "resolved": "10.0.7",
        "contentHash": "1C8eTuxF6BLncNSJ1HCfmaBcjpUSqQDPlBVdYTlet9oldHTPpNh9iatxSJLs8TOqdp/FOpH+nSLdBve7fu9mTQ==",
        "dependencies": {
          "Microsoft.Extensions.DependencyInjection.Abstractions": "10.0.7",
          "Microsoft.Extensions.Logging": "10.0.7",
          "Microsoft.Extensions.Logging.Abstractions": "10.0.7",
          "Microsoft.Extensions.Options": "10.0.7",
          "System.Diagnostics.EventLog": "10.0.7"
        }
      },
      "Microsoft.Extensions.Logging.EventSource": {
        "type": "Transitive",
        "resolved": "10.0.7",
        "contentHash": "YWfndnDX1jVMGCN8d5T+rO+BO8sDw6BkYlUk0BYui+WP7+HhlWx8QLdA4yUDjrkGVb3AQxIWWEPVKw5Nnfj5GQ==",
        "dependencies": {
          "Microsoft.Extensions.DependencyInjection.Abstractions": "10.0.7",
          "Microsoft.Extensions.Logging": "10.0.7",
          "Microsoft.Extensions.Logging.Abstractions": "10.0.7",
          "Microsoft.Extensions.Options": "10.0.7",
          "Microsoft.Extensions.Primitives": "10.0.7"
        }
      },
      "Microsoft.Extensions.ObjectPool": {
        "type": "Transitive",
        "resolved": "2.1.1",
        "contentHash": "SErON45qh4ogDp6lr6UvVmFYW0FERihW+IQ+2JyFv1PUyWktcJytFaWH5zarufJvZwhci7Rf1IyGXr9pVEadTw=="
      },
      "Microsoft.Extensions.Options.ConfigurationExtensions": {
        "type": "Transitive",
        "resolved": "10.0.7",
        "contentHash": "IT7f+EMXZtkjatEcF+o6aOw/7OE4etRrMiDGEWH/iiTu2R3uhC4NEQJCfHiibtX45U3sIQ5Fh6tbb1qaOz3YAg==",
        "dependencies": {
          "Microsoft.Extensions.Configuration.Abstractions": "10.0.7",
          "Microsoft.Extensions.Configuration.Binder": "10.0.7",
          "Microsoft.Extensions.DependencyInjection.Abstractions": "10.0.7",
          "Microsoft.Extensions.Options": "10.0.7",
          "Microsoft.Extensions.Primitives": "10.0.7"
        }
      },
      "Microsoft.Extensions.Primitives": {
        "type": "Transitive",
        "resolved": "10.0.7",
        "contentHash": "D5M0Jr551iTgwkZMN9rm0pSkgNLj5quUWQUmQPMZh7k/bnvZTnXRGfE2KuvXf1EEjt/ofD9yw9IumpgdP9QCnw=="
      },
      "Microsoft.Identity.Client": {
        "type": "Transitive",
        "resolved": "4.83.1",
        "contentHash": "jOLIrZ3cynoqHLLO1cXplFFabrhrMEYs/EuKHvmCyrOm1axqiVFT6nCSnHxk7w5+d2BeQfCdM12Yf/0X7OeS1g==",
        "dependencies": {
          "Microsoft.IdentityModel.Abstractions": "8.14.0"
        }
      },
      "Microsoft.Identity.Client.Extensions.Msal": {
        "type": "Transitive",
        "resolved": "4.83.1",
        "contentHash": "I3k4J4Hj4KbLEFanjeUzzDOVecukETaTgEkJ7h2pP/Yazs6SLp6TVUTo/Eo+ptPXMwvc+iX7rBFtMSUrA7R+Mg==",
        "dependencies": {
          "Microsoft.Identity.Client": "4.83.1",
          "System.Security.Cryptography.ProtectedData": "4.5.0"
        }
      },
      "Microsoft.IdentityModel.Abstractions": {
        "type": "Transitive",
        "resolved": "8.14.0",
        "contentHash": "iwbCpSjD3ehfTwBhtSNEtKPK0ICun6ov7Ibx6ISNA9bfwIyzI2Siwyi9eJFCJBwxowK9xcA1mj+jBWiigeqgcQ=="
      },
      "Microsoft.IdentityModel.JsonWebTokens": {
        "type": "Transitive",
        "resolved": "8.0.1",
        "contentHash": "s6++gF9x0rQApQzOBbSyp4jUaAlwm+DroKfL8gdOHxs83k8SJfUXhuc46rDB3rNXBQ1MVRxqKUrqFhO/M0E97g==",
        "dependencies": {
          "Microsoft.IdentityModel.Tokens": "8.0.1"
        }
      },
      "Microsoft.IdentityModel.Logging": {
        "type": "Transitive",
        "resolved": "8.0.1",
        "contentHash": "UCPF2exZqBXe7v/6sGNiM6zCQOUXXQ9+v5VTb9gPB8ZSUPnX53BxlN78v2jsbIvK9Dq4GovQxo23x8JgWvm/Qg==",
        "dependencies": {
          "Microsoft.IdentityModel.Abstractions": "8.0.1"
        }
      },
      "Microsoft.IdentityModel.Protocols": {
        "type": "Transitive",
        "resolved": "8.0.1",
        "contentHash": "uA2vpKqU3I2mBBEaeJAWPTjT9v1TZrGWKdgK6G5qJd03CLx83kdiqO9cmiK8/n1erkHzFBwU/RphP83aAe3i3g==",
        "dependencies": {
          "Microsoft.IdentityModel.Tokens": "8.0.1"
        }
      },
      "Microsoft.IdentityModel.Protocols.OpenIdConnect": {
        "type": "Transitive",
        "resolved": "8.0.1",
        "contentHash": "AQDbfpL+yzuuGhO/mQhKNsp44pm5Jv8/BI4KiFXR7beVGZoSH35zMV3PrmcfvSTsyI6qrcR898NzUauD6SRigg==",
        "dependencies": {
          "Microsoft.IdentityModel.Protocols": "8.0.1",
          "System.IdentityModel.Tokens.Jwt": "8.0.1"
        }
      },
      "Microsoft.IdentityModel.Tokens": {
        "type": "Transitive",
        "resolved": "8.0.1",
        "contentHash": "kDimB6Dkd3nkW2oZPDkMkVHfQt3IDqO5gL0oa8WVy3OP4uE8Ij+8TXnqg9TOd9ufjsY3IDiGz7pCUbnfL18tjg==",
        "dependencies": {
          "Microsoft.IdentityModel.Logging": "8.0.1"
        }
      },
      "Microsoft.Net.Http.Headers": {
        "type": "Transitive",
        "resolved": "2.1.1",
        "contentHash": "lPNIphl8b2EuhOE9dMH6EZDmu7pS882O+HMi5BJNsigxHaWlBrYxZHFZgE18cyaPp6SSZcTkKkuzfjV/RRQKlA==",
        "dependencies": {
          "Microsoft.Extensions.Primitives": "2.1.1"
        }
      },
      "Microsoft.TestPlatform.ObjectModel": {
        "type": "Transitive",
        "resolved": "18.4.0",
        "contentHash": "4L6m2kS2pY5uJ9cpeRxzW22opr6ttScIRqsOpMDQpgENp/ZwxkkQCcmc6LRSURo2dFaaSW5KVflQZvroiJ7Wzg=="
      },
      "Microsoft.TestPlatform.TestHost": {
        "type": "Transitive",
        "resolved": "18.4.0",
        "contentHash": "gZsCHI+zOmZCcKZieIL4Jg14qKD2OGZOmX5DehuIk1EA9BN6Crm0+taXQNEuajOH1G9CCyBxw8VWR4t5tumcng==",
        "dependencies": {
          "Microsoft.TestPlatform.ObjectModel": "18.4.0",
          "Newtonsoft.Json": "13.0.3"
        }
      },
      "Microsoft.Win32.SystemEvents": {
        "type": "Transitive",
        "resolved": "6.0.0",
        "contentHash": "hqTM5628jSsQiv+HGpiq3WKBl2c8v1KZfby2J6Pr7pEPlK9waPdgEO6b8A/+/xn/yZ9ulv8HuqK71ONy2tg67A=="
      },
      "Newtonsoft.Json": {
        "type": "Transitive",
        "resolved": "13.0.3",
        "contentHash": "HrC5BXdl00IP9zeV+0Z848QWPAoCr9P3bDEZguI+gkLcBKAOxix/tLEAAHC+UvDNPv4a2d18lOReHMOagPa+zQ=="
      },
      "System.ClientModel": {
        "type": "Transitive",
        "resolved": "1.10.0",
        "contentHash": "lBEWs54F5Y5pZ9hC+8z4S/X76957ex+DPk7WecRHlbIHtrPfbRMMlOgI3iDn4Jpb3bSxvBnKaaHoD59auFjlBA==",
        "dependencies": {
          "Microsoft.Extensions.Configuration.Abstractions": "10.0.3",
          "Microsoft.Extensions.Hosting.Abstractions": "10.0.3",
          "Microsoft.Extensions.Logging.Abstractions": "10.0.3",
          "System.Memory.Data": "10.0.3"
        }
      },
      "System.ComponentModel.Annotations": {
        "type": "Transitive",
        "resolved": "5.0.0",
        "contentHash": "dMkqfy2el8A8/I76n2Hi1oBFEbG1SfxD2l5nhwXV3XjlnOmwxJlQbYpJH4W51odnU9sARCSAgv7S3CyAFMkpYg=="
      },
      "System.Configuration.ConfigurationManager": {
        "type": "Transitive",
        "resolved": "6.0.0",
        "contentHash": "7T+m0kDSlIPTHIkPMIu6m6tV6qsMqJpvQWW2jIc2qi7sn40qxFo0q+7mEQAhMPXZHMKnWrnv47ntGlM/ejvw3g==",
        "dependencies": {
          "System.Security.Cryptography.ProtectedData": "6.0.0",
          "System.Security.Permissions": "6.0.0"
        }
      },
      "System.Diagnostics.EventLog": {
        "type": "Transitive",
        "resolved": "10.0.7",
        "contentHash": "WbmDLeTPYhEzXhvYVioTVn/D1XX6bovyny9n5p8Zxtf03+eY385RB818teZm6n+fA63iZNvng0/Np4tLuhkMhQ=="
      },
      "System.Diagnostics.PerformanceCounter": {
        "type": "Transitive",
        "resolved": "6.0.0",
        "contentHash": "gbeE5tNp/oB7O8kTTLh3wPPJCxpNOphXPTWVs1BsYuFOYapFijWuh0LYw1qnDo4gwDUYPXOmpTIhvtxisGsYOQ==",
        "dependencies": {
          "System.Configuration.ConfigurationManager": "6.0.0"
        }
      },
      "System.Drawing.Common": {
        "type": "Transitive",
        "resolved": "6.0.0",
        "contentHash": "NfuoKUiP2nUWwKZN6twGqXioIe1zVD0RIj2t976A+czLHr2nY454RwwXs6JU9Htc6mwqL6Dn/nEL3dpVf2jOhg==",
        "dependencies": {
          "Microsoft.Win32.SystemEvents": "6.0.0"
        }
      },
      "System.IdentityModel.Tokens.Jwt": {
        "type": "Transitive",
        "resolved": "8.0.1",
        "contentHash": "GJw3bYkWpOgvN3tJo5X4lYUeIFA2HD293FPUhKmp7qxS+g5ywAb34Dnd3cDAFLkcMohy5XTpoaZ4uAHuw0uSPQ==",
        "dependencies": {
          "Microsoft.IdentityModel.JsonWebTokens": "8.0.1",
          "Microsoft.IdentityModel.Tokens": "8.0.1"
        }
      },
      "System.IO.FileSystem.AccessControl": {
        "type": "Transitive",
        "resolved": "4.7.0",
        "contentHash": "vMToiarpU81LR1/KZtnT7VDPvqAZfw9oOS5nY6pPP78nGYz3COLsQH3OfzbR+SjTgltd31R6KmKklz/zDpTmzw=="
      },
      "System.IO.Hashing": {
        "type": "Transitive",
        "resolved": "10.0.1",
        "contentHash": "Dy6ULPb2S0GmNndjKrEIpfibNsc8+FTOoZnqygtFDuyun8vWboQbfMpQtKUXpgTxokR5E4zFHETpNnGfeWY6NA=="
      },
      "System.Memory.Data": {
        "type": "Transitive",
        "resolved": "10.0.3",
        "contentHash": "MaGhRfGunmrj/nHjtsi9XkhlYJ/ERGWrbA+BiSKNtGnAjc9XlG5EhAvak6VRcX5LYzPF6pBO8nJ613dTgzabig=="
      },
      "System.Security.Cryptography.Pkcs": {
        "type": "Transitive",
        "resolved": "10.0.10",
        "contentHash": "KG8t5RHczdgB3IWvRndpI0nE1DSo7ikDYSDbITxfgRFyIvnYiKzuPjaZOsPnwFQ1aOGUl9sEulJul9wlHLEUoA=="
      },
      "System.Security.Cryptography.ProtectedData": {
        "type": "Transitive",
        "resolved": "6.0.0",
        "contentHash": "rp1gMNEZpvx9vP0JW0oHLxlf8oSiQgtno77Y4PLUBjSiDYoD77Y8uXHr1Ea5XG4/pIKhqAdxZ8v8OTUtqo9PeQ=="
      },
      "System.Security.Permissions": {
        "type": "Transitive",
        "resolved": "6.0.0",
        "contentHash": "T/uuc7AklkDoxmcJ7LGkyX1CcSviZuLCa4jg3PekfJ7SU0niF0IVTXwUiNVP9DSpzou2PpxJ+eNY2IfDM90ZCg==",
        "dependencies": {
          "System.Windows.Extensions": "6.0.0"
        }
      },
      "System.Windows.Extensions": {
        "type": "Transitive",
        "resolved": "6.0.0",
        "contentHash": "IXoJOXIqc39AIe+CIR7koBtRGMiCt/LPM3lI+PELtDIy9XdyeSrwXFdWV9dzJ2Awl0paLWUaknLxFQ5HpHZUog==",
        "dependencies": {
          "System.Drawing.Common": "6.0.0"
        }
      },
      "xunit.abstractions": {
        "type": "Transitive",
        "resolved": "2.0.3",
        "contentHash": "pot1I4YOxlWjIb5jmwvvQNbTrZ3lJQ+jUGkGjWE3hEFM0l5gOnBWS+H3qsex68s5cO52g+44vpGzhAt+42vwKg=="
      },
      "xunit.analyzers": {
        "type": "Transitive",
        "resolved": "1.18.0",
        "contentHash": "OtFMHN8yqIcYP9wcVIgJrq01AfTxijjAqVDy/WeQVSyrDC1RzBWeQPztL49DN2syXRah8TYnfvk035s7L95EZQ=="
      },
      "xunit.assert": {
        "type": "Transitive",
        "resolved": "2.9.3",
        "contentHash": "/Kq28fCE7MjOV42YLVRAJzRF0WmEqsmflm0cfpMjGtzQ2lR5mYVj1/i0Y8uDAOLczkL3/jArrwehfMD0YogMAA=="
      },
      "xunit.core": {
        "type": "Transitive",
        "resolved": "2.9.3",
        "contentHash": "BiAEvqGvyme19wE0wTKdADH+NloYqikiU0mcnmiNyXaF9HyHmE6sr/3DC5vnBkgsWaE6yPyWszKSPSApWdRVeQ==",
        "dependencies": {
          "xunit.extensibility.core": "[2.9.3]",
          "xunit.extensibility.execution": "[2.9.3]"
        }
      },
      "xunit.extensibility.core": {
        "type": "Transitive",
        "resolved": "2.9.3",
        "contentHash": "kf3si0YTn2a8J8eZNb+zFpwfoyvIrQ7ivNk5ZYA5yuYk1bEtMe4DxJ2CF/qsRgmEnDr7MnW1mxylBaHTZ4qErA==",
        "dependencies": {
          "xunit.abstractions": "2.0.3"
        }
      },
      "xunit.extensibility.execution": {
        "type": "Transitive",
        "resolved": "2.9.3",
        "contentHash": "yMb6vMESlSrE3Wfj7V6cjQ3S4TXdXpRqYeNEI3zsX31uTsGMJjEw6oD5F5u1cHnMptjhEECnmZSsPxB6ChZHDQ==",
        "dependencies": {
          "xunit.extensibility.core": "[2.9.3]"
        }
      },
      "Yarp.ReverseProxy": {
        "type": "Transitive",
        "resolved": "2.3.0",
        "contentHash": "gxtkN3a+9biu9V9Zd5NaTO6VZWXAnS2mhQ0R/VXmSPoTuiQNZsakKikrKpDtKxrL5nUYzbRsHtl40WNq+ZBKKg==",
        "dependencies": {
          "System.IO.Hashing": "8.0.0"
        }
      },
      "motorcyclerag.core": {
        "type": "Project",
        "dependencies": {
          "Microsoft.Extensions.DependencyInjection.Abstractions": "[10.0.7, )",
          "Microsoft.Extensions.Logging.Abstractions": "[10.0.7, )",
          "Microsoft.Extensions.Options": "[10.0.7, )",
          "System.ComponentModel.Annotations": "[5.0.0, )"
        }
      },
      "motorcyclerag.webui.bff": {
        "type": "Project",
        "dependencies": {
          "Azure.Extensions.AspNetCore.DataProtection.Blobs": "[1.5.1, )",
          "Azure.Identity": "[1.21.0, )",
          "Azure.Storage.Blobs": "[12.27.0, )",
          "Microsoft.ApplicationInsights.AspNetCore": "[2.23.0, )",
          "Microsoft.AspNetCore.Authentication.OpenIdConnect": "[10.0.7, )",
          "Microsoft.AspNetCore.SpaServices.Extensions": "[10.0.7, )",
          "Microsoft.Azure.AppConfiguration.AspNetCore": "[8.5.0, )",
          "Microsoft.Extensions.Configuration.AzureAppConfiguration": "[8.5.0, )",
          "MotorcycleRAG.Core": "[1.0.0, )",
          "Yarp.ReverseProxy": "[2.3.0, )"
        }
      }
    }
  }
}