{
  "version": 1,
  "dependencies": {
    "net10.0": {
      "Spectre.Console": {
        "type": "Direct",
        "requested": "[0.49.1, )",
        "resolved": "0.49.1",
        "contentHash": "USV+pdu49OJ3nCjxNuw1K9Zw/c1HCBbwbjXZp0EOn6wM99tFdAtN34KEBZUMyRuJuXlUMDqhd8Yq9obW2MslYA=="
      },
      "Spectre.Console.Cli": {
        "type": "Direct",
        "requested": "[0.49.1, )",
        "resolved": "0.49.1",
        "contentHash": "wBZzyEbKqfPFFUPhV5E7/k4Kwy4UDO42IVzvzk0C4Pkjjw+NSd0EOBkIutYET4vJY4X81pD9ooQO9gfBGXj4+g==",
        "dependencies": {
          "Spectre.Console": "0.49.1"
        }
      },
      "Markdig": {
        "type": "Transitive",
        "resolved": "0.38.0",
        "contentHash": "zKy3JFjQvr1wbuMtbfcZVjNNCIqHxSCjGMq/CBcyNsY/MPsxqcS3o8M7CZ2kcMGGIw5LI2ZZd8rFUaFeV6SvrQ=="
      },
      "YamlDotNet": {
        "type": "Transitive",
        "resolved": "16.2.1",
        "contentHash": "im6zTVgesjcfTRfuMpnx51Rg2svWenp/3q5XBfcIzgj8PNIkkSD2xEl9HWcVi2SaJPP9XcXUdzed9gSDEuf1TA=="
      },
      "kyberweave.core": {
        "type": "Project",
        "dependencies": {
          "Markdig": "[0.38.0, )",
          "YamlDotNet": "[16.2.1, )"
        }
      }
    }
  }
}