{
  "version": 1,
  "dependencies": {
    "net10.0": {
      "Markdig": {
        "type": "Direct",
        "requested": "[0.38.0, )",
        "resolved": "0.38.0",
        "contentHash": "zKy3JFjQvr1wbuMtbfcZVjNNCIqHxSCjGMq/CBcyNsY/MPsxqcS3o8M7CZ2kcMGGIw5LI2ZZd8rFUaFeV6SvrQ=="
      },
      "YamlDotNet": {
        "type": "Direct",
        "requested": "[16.2.1, )",
        "resolved": "16.2.1",
        "contentHash": "im6zTVgesjcfTRfuMpnx51Rg2svWenp/3q5XBfcIzgj8PNIkkSD2xEl9HWcVi2SaJPP9XcXUdzed9gSDEuf1TA=="
      }
    }
  }
}